
Microsoft Visual Studio Solution File, Format Version 12.00
# Visual Studio Express 2012 for Windows Desktop
Project("{FAE04EC0-301F-11D3-BF4B-00C04F79EFBC}") = "6.01 - PrintNumbersOneToTen", "Loops\6.01 - PrintNumbersOneToTen.csproj", "{EDDD58C3-87D8-47D7-B4BE-83B8C00B6142}"
EndProject
Project("{FAE04EC0-301F-11D3-BF4B-00C04F79EFBC}") = "6.02 - DivisbleByThreeAndSeven", "DivisbleByThreeAndSeven\6.02 - DivisbleByThreeAndSeven.csproj", "{21585853-8382-4638-87D3-11CAC9426746}"
EndProject
Project("{FAE04EC0-301F-11D3-BF4B-00C04F79EFBC}") = "6.03 - MinAndMaxNumber", "MinAndMaxNumber\6.03 - MinAndMaxNumber.csproj", "{98F0D59A-3A01-4488-BA0F-18901BA4C0FF}"
EndProject
Project("{FAE04EC0-301F-11D3-BF4B-00C04F79EFBC}") = "6.04 - DevidingFactoriels", "ConsoleApplication1\6.04 - DevidingFactoriels.csproj", "{D918B6D4-9206-4915-8F3C-CF5738D42F09}"
EndProject
Project("{FAE04EC0-301F-11D3-BF4B-00C04F79EFBC}") = "6.05 - MoreFactoriels", "MoreFactoriels\6.05 - MoreFactoriels.csproj", "{ACD9B9EE-BB56-4AD8-A3A3-84839C11E031}"
EndProject
Project("{FAE04EC0-301F-11D3-BF4B-00C04F79EFBC}") = "6.06 - CalucaltingSumXandN", "CalucaltingSumXandN\6.06 - CalucaltingSumXandN.csproj", "{81A7BECC-AE6F-4063-AE74-7879A3136863}"
EndProject
Project("{FAE04EC0-301F-11D3-BF4B-00C04F79EFBC}") = "6.07 - SequenceOfFibonnaci", "SequenceOfFibonnaci\6.07 - SequenceOfFibonnaci.csproj", "{B42E5481-022F-4B7C-88C8-22045D688BE5}"
EndProject
Project("{FAE04EC0-301F-11D3-BF4B-00C04F79EFBC}") = "6.08 - GreatestCommonDivisor", "GreatestCommonDivisor\6.08 - GreatestCommonDivisor.csproj", "{0B1BF581-5D58-4CB1-AA3B-971910A9A7E2}"
EndProject
Project("{FAE04EC0-301F-11D3-BF4B-00C04F79EFBC}") = "6.09;6.10 - CatalanFormula", "CatalanFormula\6.09;6.10 - CatalanFormula.csproj", "{8B72E291-DEDB-4FCB-9C06-5F0AB707F5B8}"
EndProject
Project("{FAE04EC0-301F-11D3-BF4B-00C04F79EFBC}") = "6.11 - DeckOfCards", "DeckOfCards\6.11 - DeckOfCards.csproj", "{7EB8AB92-59E2-4882-B968-F2A48C008AC9}"
EndProject
Project("{FAE04EC0-301F-11D3-BF4B-00C04F79EFBC}") = "6.12 - OutputMatrix", "OutputMatrix\6.12 - OutputMatrix.csproj", "{5F57EEF7-1F28-410D-996A-39C1BDBFEDCB}"
EndProject
Project("{FAE04EC0-301F-11D3-BF4B-00C04F79EFBC}") = "6.13 - TrailingZeroes", "TrailingZeroes\6.13 - TrailingZeroes.csproj", "{538C8E79-8F69-4979-B533-C014F55AC20F}"
EndProject
Project("{FAE04EC0-301F-11D3-BF4B-00C04F79EFBC}") = "6.14 - SpiralMatrix", "SpiralMatrix\6.14 - SpiralMatrix.csproj", "{0B1561E0-2E07-4E8C-A418-917F2DBFCE19}"
EndProject
Global
	GlobalSection(SolutionConfigurationPlatforms) = preSolution
		Debug|Any CPU = Debug|Any CPU
		Release|Any CPU = Release|Any CPU
	EndGlobalSection
	GlobalSection(ProjectConfigurationPlatforms) = postSolution
		{EDDD58C3-87D8-47D7-B4BE-83B8C00B6142}.Debug|Any CPU.ActiveCfg = Debug|Any CPU
		{EDDD58C3-87D8-47D7-B4BE-83B8C00B6142}.Debug|Any CPU.Build.0 = Debug|Any CPU
		{EDDD58C3-87D8-47D7-B4BE-83B8C00B6142}.Release|Any CPU.ActiveCfg = Release|Any CPU
		{EDDD58C3-87D8-47D7-B4BE-83B8C00B6142}.Release|Any CPU.Build.0 = Release|Any CPU
		{21585853-8382-4638-87D3-11CAC9426746}.Debug|Any CPU.ActiveCfg = Debug|Any CPU
		{21585853-8382-4638-87D3-11CAC9426746}.Debug|Any CPU.Build.0 = Debug|Any CPU
		{21585853-8382-4638-87D3-11CAC9426746}.Release|Any CPU.ActiveCfg = Release|Any CPU
		{21585853-8382-4638-87D3-11CAC9426746}.Release|Any CPU.Build.0 = Release|Any CPU
		{98F0D59A-3A01-4488-BA0F-18901BA4C0FF}.Debug|Any CPU.ActiveCfg = Debug|Any CPU
		{98F0D59A-3A01-4488-BA0F-18901BA4C0FF}.Debug|Any CPU.Build.0 = Debug|Any CPU
		{98F0D59A-3A01-4488-BA0F-18901BA4C0FF}.Release|Any CPU.ActiveCfg = Release|Any CPU
		{98F0D59A-3A01-4488-BA0F-18901BA4C0FF}.Release|Any CPU.Build.0 = Release|Any CPU
		{D918B6D4-9206-4915-8F3C-CF5738D42F09}.Debug|Any CPU.ActiveCfg = Debug|Any CPU
		{D918B6D4-9206-4915-8F3C-CF5738D42F09}.Debug|Any CPU.Build.0 = Debug|Any CPU
		{D918B6D4-9206-4915-8F3C-CF5738D42F09}.Release|Any CPU.ActiveCfg = Release|Any CPU
		{D918B6D4-9206-4915-8F3C-CF5738D42F09}.Release|Any CPU.Build.0 = Release|Any CPU
		{ACD9B9EE-BB56-4AD8-A3A3-84839C11E031}.Debug|Any CPU.ActiveCfg = Debug|Any CPU
		{ACD9B9EE-BB56-4AD8-A3A3-84839C11E031}.Debug|Any CPU.Build.0 = Debug|Any CPU
		{ACD9B9EE-BB56-4AD8-A3A3-84839C11E031}.Release|Any CPU.ActiveCfg = Release|Any CPU
		{ACD9B9EE-BB56-4AD8-A3A3-84839C11E031}.Release|Any CPU.Build.0 = Release|Any CPU
		{81A7BECC-AE6F-4063-AE74-7879A3136863}.Debug|Any CPU.ActiveCfg = Debug|Any CPU
		{81A7BECC-AE6F-4063-AE74-7879A3136863}.Debug|Any CPU.Build.0 = Debug|Any CPU
		{81A7BECC-AE6F-4063-AE74-7879A3136863}.Release|Any CPU.ActiveCfg = Release|Any CPU
		{81A7BECC-AE6F-4063-AE74-7879A3136863}.Release|Any CPU.Build.0 = Release|Any CPU
		{B42E5481-022F-4B7C-88C8-22045D688BE5}.Debug|Any CPU.ActiveCfg = Debug|Any CPU
		{B42E5481-022F-4B7C-88C8-22045D688BE5}.Debug|Any CPU.Build.0 = Debug|Any CPU
		{B42E5481-022F-4B7C-88C8-22045D688BE5}.Release|Any CPU.ActiveCfg = Release|Any CPU
		{B42E5481-022F-4B7C-88C8-22045D688BE5}.Release|Any CPU.Build.0 = Release|Any CPU
		{0B1BF581-5D58-4CB1-AA3B-971910A9A7E2}.Debug|Any CPU.ActiveCfg = Debug|Any CPU
		{0B1BF581-5D58-4CB1-AA3B-971910A9A7E2}.Debug|Any CPU.Build.0 = Debug|Any CPU
		{0B1BF581-5D58-4CB1-AA3B-971910A9A7E2}.Release|Any CPU.ActiveCfg = Release|Any CPU
		{0B1BF581-5D58-4CB1-AA3B-971910A9A7E2}.Release|Any CPU.Build.0 = Release|Any CPU
		{8B72E291-DEDB-4FCB-9C06-5F0AB707F5B8}.Debug|Any CPU.ActiveCfg = Debug|Any CPU
		{8B72E291-DEDB-4FCB-9C06-5F0AB707F5B8}.Debug|Any CPU.Build.0 = Debug|Any CPU
		{8B72E291-DEDB-4FCB-9C06-5F0AB707F5B8}.Release|Any CPU.ActiveCfg = Release|Any CPU
		{8B72E291-DEDB-4FCB-9C06-5F0AB707F5B8}.Release|Any CPU.Build.0 = Release|Any CPU
		{7EB8AB92-59E2-4882-B968-F2A48C008AC9}.Debug|Any CPU.ActiveCfg = Debug|Any CPU
		{7EB8AB92-59E2-4882-B968-F2A48C008AC9}.Debug|Any CPU.Build.0 = Debug|Any CPU
		{7EB8AB92-59E2-4882-B968-F2A48C008AC9}.Release|Any CPU.ActiveCfg = Release|Any CPU
		{7EB8AB92-59E2-4882-B968-F2A48C008AC9}.Release|Any CPU.Build.0 = Release|Any CPU
		{5F57EEF7-1F28-410D-996A-39C1BDBFEDCB}.Debug|Any CPU.ActiveCfg = Debug|Any CPU
		{5F57EEF7-1F28-410D-996A-39C1BDBFEDCB}.Debug|Any CPU.Build.0 = Debug|Any CPU
		{5F57EEF7-1F28-410D-996A-39C1BDBFEDCB}.Release|Any CPU.ActiveCfg = Release|Any CPU
		{5F57EEF7-1F28-410D-996A-39C1BDBFEDCB}.Release|Any CPU.Build.0 = Release|Any CPU
		{538C8E79-8F69-4979-B533-C014F55AC20F}.Debug|Any CPU.ActiveCfg = Debug|Any CPU
		{538C8E79-8F69-4979-B533-C014F55AC20F}.Debug|Any CPU.Build.0 = Debug|Any CPU
		{538C8E79-8F69-4979-B533-C014F55AC20F}.Release|Any CPU.ActiveCfg = Release|Any CPU
		{538C8E79-8F69-4979-B533-C014F55AC20F}.Release|Any CPU.Build.0 = Release|Any CPU
		{0B1561E0-2E07-4E8C-A418-917F2DBFCE19}.Debug|Any CPU.ActiveCfg = Debug|Any CPU
		{0B1561E0-2E07-4E8C-A418-917F2DBFCE19}.Debug|Any CPU.Build.0 = Debug|Any CPU
		{0B1561E0-2E07-4E8C-A418-917F2DBFCE19}.Release|Any CPU.ActiveCfg = Release|Any CPU
		{0B1561E0-2E07-4E8C-A418-917F2DBFCE19}.Release|Any CPU.Build.0 = Release|Any CPU
	EndGlobalSection
	GlobalSection(SolutionProperties) = preSolution
		HideSolutionNode = FALSE
	EndGlobalSection
EndGlobal
